
Microsoft Visual Studio Solution File, Format Version 12.00
# Visual Studio 15
VisualStudioVersion = 15.0.26430.14
MinimumVisualStudioVersion = 10.0.40219.1
Project("{9A19103F-16F7-4668-BE54-9A1E7A4F7556}") = "AnalyticAlways.CommonToolsCore", "AnalyticAlways.CommonToolsCore\AnalyticAlways.CommonToolsCore.csproj", "{A52B86FC-FBEA-4E5E-9314-9A5AB9460A46}"
EndProject
Project("{2150E333-8FDC-42A3-9474-1A3956D46DE8}") = "Solution Items", "Solution Items", "{0B22000E-E008-415E-997A-3C8030BA7B11}"
	ProjectSection(SolutionItems) = preProject
		NuGet.Config = NuGet.Config
	EndProjectSection
EndProject
Project("{9A19103F-16F7-4668-BE54-9A1E7A4F7556}") = "CoreClient", "CoreClient\CoreClient.csproj", "{C25219C5-9F1A-4489-B2FF-104E96C078CA}"
EndProject
Global
	GlobalSection(SolutionConfigurationPlatforms) = preSolution
		Debug|Any CPU = Debug|Any CPU
		Release|Any CPU = Release|Any CPU
	EndGlobalSection
	GlobalSection(ProjectConfigurationPlatforms) = postSolution
		{A52B86FC-FBEA-4E5E-9314-9A5AB9460A46}.Debug|Any CPU.ActiveCfg = Debug|Any CPU
		{A52B86FC-FBEA-4E5E-9314-9A5AB9460A46}.Debug|Any CPU.Build.0 = Debug|Any CPU
		{A52B86FC-FBEA-4E5E-9314-9A5AB9460A46}.Release|Any CPU.ActiveCfg = Release|Any CPU
		{A52B86FC-FBEA-4E5E-9314-9A5AB9460A46}.Release|Any CPU.Build.0 = Release|Any CPU
		{C25219C5-9F1A-4489-B2FF-104E96C078CA}.Debug|Any CPU.ActiveCfg = Debug|Any CPU
		{C25219C5-9F1A-4489-B2FF-104E96C078CA}.Debug|Any CPU.Build.0 = Debug|Any CPU
		{C25219C5-9F1A-4489-B2FF-104E96C078CA}.Release|Any CPU.ActiveCfg = Release|Any CPU
		{C25219C5-9F1A-4489-B2FF-104E96C078CA}.Release|Any CPU.Build.0 = Release|Any CPU
	EndGlobalSection
	GlobalSection(SolutionProperties) = preSolution
		HideSolutionNode = FALSE
	EndGlobalSection
EndGlobal
